
Microsoft Visual Studio Solution File, Format Version 12.00
# Visual Studio Version 17
VisualStudioVersion = 17.2.32210.308
MinimumVisualStudioVersion = 10.0.40219.1
Project("{9A19103F-16F7-4668-BE54-9A1E7A4F7556}") = "μmLib", "μmLib\μmLib.csproj", "{8B323EAA-5BB8-4305-9382-3B3293EE8204}"
EndProject
Project("{FAE04EC0-301F-11D3-BF4B-00C04F79EFBC}") = "MicroModuleTestApp", "MicroModuleTestApp\MicroModuleTestApp.csproj", "{F52C025C-633A-48C4-8181-E5DEB4BEF1EB}"
EndProject
Global
	GlobalSection(SolutionConfigurationPlatforms) = preSolution
		Debug|Any CPU = Debug|Any CPU
		Release|Any CPU = Release|Any CPU
	EndGlobalSection
	GlobalSection(ProjectConfigurationPlatforms) = postSolution
		{8B323EAA-5BB8-4305-9382-3B3293EE8204}.Debug|Any CPU.ActiveCfg = Debug|Any CPU
		{8B323EAA-5BB8-4305-9382-3B3293EE8204}.Debug|Any CPU.Build.0 = Debug|Any CPU
		{8B323EAA-5BB8-4305-9382-3B3293EE8204}.Release|Any CPU.ActiveCfg = Release|Any CPU
		{8B323EAA-5BB8-4305-9382-3B3293EE8204}.Release|Any CPU.Build.0 = Release|Any CPU
		{F52C025C-633A-48C4-8181-E5DEB4BEF1EB}.Debug|Any CPU.ActiveCfg = Debug|Any CPU
		{F52C025C-633A-48C4-8181-E5DEB4BEF1EB}.Debug|Any CPU.Build.0 = Debug|Any CPU
		{F52C025C-633A-48C4-8181-E5DEB4BEF1EB}.Release|Any CPU.ActiveCfg = Release|Any CPU
		{F52C025C-633A-48C4-8181-E5DEB4BEF1EB}.Release|Any CPU.Build.0 = Release|Any CPU
	EndGlobalSection
	GlobalSection(SolutionProperties) = preSolution
		HideSolutionNode = FALSE
	EndGlobalSection
	GlobalSection(ExtensibilityGlobals) = postSolution
		SolutionGuid = {5ADE6538-F255-4E45-979B-F9874B9217E0}
	EndGlobalSection
EndGlobal
